
Microsoft Visual Studio Solution File, Format Version 12.00
# Visual Studio 15
Project("{FAE04EC0-301F-11D3-BF4B-00C04F79EFBC}") = "Assembly-CSharp", "Assembly-CSharp.csproj", "{8D0F2984-0C0E-9F7D-E477-E8259D257B48}"
EndProject
Project("{FAE04EC0-301F-11D3-BF4B-00C04F79EFBC}") = "Assembly-CSharp-Editor", "Assembly-CSharp-Editor.csproj", "{C1650D6A-0D23-B9CE-EA66-B41AD2411B95}"
EndProject
Global
	GlobalSection(SolutionConfigurationPlatforms) = preSolution
		Debug|Any CPU = Debug|Any CPU
		Release|Any CPU = Release|Any CPU
	EndGlobalSection
	GlobalSection(ProjectConfigurationPlatforms) = postSolution
		{8D0F2984-0C0E-9F7D-E477-E8259D257B48}.Debug|Any CPU.ActiveCfg = Debug|Any CPU
		{8D0F2984-0C0E-9F7D-E477-E8259D257B48}.Debug|Any CPU.Build.0 = Debug|Any CPU
		{8D0F2984-0C0E-9F7D-E477-E8259D257B48}.Release|Any CPU.ActiveCfg = Release|Any CPU
		{8D0F2984-0C0E-9F7D-E477-E8259D257B48}.Release|Any CPU.Build.0 = Release|Any CPU
		{C1650D6A-0D23-B9CE-EA66-B41AD2411B95}.Debug|Any CPU.ActiveCfg = Debug|Any CPU
		{C1650D6A-0D23-B9CE-EA66-B41AD2411B95}.Debug|Any CPU.Build.0 = Debug|Any CPU
		{C1650D6A-0D23-B9CE-EA66-B41AD2411B95}.Release|Any CPU.ActiveCfg = Release|Any CPU
		{C1650D6A-0D23-B9CE-EA66-B41AD2411B95}.Release|Any CPU.Build.0 = Release|Any CPU
	EndGlobalSection
	GlobalSection(SolutionProperties) = preSolution
		HideSolutionNode = FALSE
	EndGlobalSection
EndGlobal
